
Microsoft Visual Studio Solution File, Format Version 12.00
# Visual Studio 15
VisualStudioVersion = 15.0.26403.7
MinimumVisualStudioVersion = 10.0.40219.1
Project("{FAE04EC0-301F-11D3-BF4B-00C04F79EFBC}") = "proyectoPruebaXamarin.Android", "proyectoPruebaXamarin\proyectoPruebaXamarin.Android\proyectoPruebaXamarin.Android.csproj", "{0DEA56B5-33AC-4DF5-B2F1-C9910B61B3EE}"
EndProject
Project("{FAE04EC0-301F-11D3-BF4B-00C04F79EFBC}") = "proyectoPruebaXamarin", "proyectoPruebaXamarin\proyectoPruebaXamarin\proyectoPruebaXamarin.csproj", "{DB5603AE-4561-4362-B3B8-DB3AA9D55DF4}"
EndProject
Project("{FAE04EC0-301F-11D3-BF4B-00C04F79EFBC}") = "proyectoPruebaXamarin.UWP", "proyectoPruebaXamarin\proyectoPruebaXamarin.UWP\proyectoPruebaXamarin.UWP.csproj", "{6ADF5D3F-FF9D-4784-B577-9D779865BAF9}"
EndProject
Project("{FAE04EC0-301F-11D3-BF4B-00C04F79EFBC}") = "proyectoPruebaXamarin.iOS", "proyectoPruebaXamarin\proyectoPruebaXamarin.iOS\proyectoPruebaXamarin.iOS.csproj", "{02CEA9CE-C20E-4CDD-8C88-112167C0693D}"
EndProject
Project("{FAE04EC0-301F-11D3-BF4B-00C04F79EFBC}") = "ApiRestInventario", "ApiRestInventario\ApiRestInventario.csproj", "{A35DFB0B-A81C-4F3B-9523-C4D79A527312}"
EndProject
Global
	GlobalSection(SolutionConfigurationPlatforms) = preSolution
		Ad-Hoc|Any CPU = Ad-Hoc|Any CPU
		Ad-Hoc|ARM = Ad-Hoc|ARM
		Ad-Hoc|iPhone = Ad-Hoc|iPhone
		Ad-Hoc|iPhoneSimulator = Ad-Hoc|iPhoneSimulator
		Ad-Hoc|x64 = Ad-Hoc|x64
		Ad-Hoc|x86 = Ad-Hoc|x86
		AppStore|Any CPU = AppStore|Any CPU
		AppStore|ARM = AppStore|ARM
		AppStore|iPhone = AppStore|iPhone
		AppStore|iPhoneSimulator = AppStore|iPhoneSimulator
		AppStore|x64 = AppStore|x64
		AppStore|x86 = AppStore|x86
		Debug|Any CPU = Debug|Any CPU
		Debug|ARM = Debug|ARM
		Debug|iPhone = Debug|iPhone
		Debug|iPhoneSimulator = Debug|iPhoneSimulator
		Debug|x64 = Debug|x64
		Debug|x86 = Debug|x86
		Release|Any CPU = Release|Any CPU
		Release|ARM = Release|ARM
		Release|iPhone = Release|iPhone
		Release|iPhoneSimulator = Release|iPhoneSimulator
		Release|x64 = Release|x64
		Release|x86 = Release|x86
	EndGlobalSection
	GlobalSection(ProjectConfigurationPlatforms) = postSolution
		{0DEA56B5-33AC-4DF5-B2F1-C9910B61B3EE}.Ad-Hoc|Any CPU.ActiveCfg = Release|Any CPU
		{0DEA56B5-33AC-4DF5-B2F1-C9910B61B3EE}.Ad-Hoc|Any CPU.Build.0 = Release|Any CPU
		{0DEA56B5-33AC-4DF5-B2F1-C9910B61B3EE}.Ad-Hoc|Any CPU.Deploy.0 = Release|Any CPU
		{0DEA56B5-33AC-4DF5-B2F1-C9910B61B3EE}.Ad-Hoc|ARM.ActiveCfg = Release|Any CPU
		{0DEA56B5-33AC-4DF5-B2F1-C9910B61B3EE}.Ad-Hoc|ARM.Build.0 = Release|Any CPU
		{0DEA56B5-33AC-4DF5-B2F1-C9910B61B3EE}.Ad-Hoc|ARM.Deploy.0 = Release|Any CPU
		{0DEA56B5-33AC-4DF5-B2F1-C9910B61B3EE}.Ad-Hoc|iPhone.ActiveCfg = Release|Any CPU
		{0DEA56B5-33AC-4DF5-B2F1-C9910B61B3EE}.Ad-Hoc|iPhone.Build.0 = Release|Any CPU
		{0DEA56B5-33AC-4DF5-B2F1-C9910B61B3EE}.Ad-Hoc|iPhone.Deploy.0 = Release|Any CPU
		{0DEA56B5-33AC-4DF5-B2F1-C9910B61B3EE}.Ad-Hoc|iPhoneSimulator.ActiveCfg = Release|Any CPU
		{0DEA56B5-33AC-4DF5-B2F1-C9910B61B3EE}.Ad-Hoc|iPhoneSimulator.Build.0 = Release|Any CPU
		{0DEA56B5-33AC-4DF5-B2F1-C9910B61B3EE}.Ad-Hoc|iPhoneSimulator.Deploy.0 = Release|Any CPU
		{0DEA56B5-33AC-4DF5-B2F1-C9910B61B3EE}.Ad-Hoc|x64.ActiveCfg = Release|Any CPU
		{0DEA56B5-33AC-4DF5-B2F1-C9910B61B3EE}.Ad-Hoc|x64.Build.0 = Release|Any CPU
		{0DEA56B5-33AC-4DF5-B2F1-C9910B61B3EE}.Ad-Hoc|x64.Deploy.0 = Release|Any CPU
		{0DEA56B5-33AC-4DF5-B2F1-C9910B61B3EE}.Ad-Hoc|x86.ActiveCfg = Release|Any CPU
		{0DEA56B5-33AC-4DF5-B2F1-C9910B61B3EE}.Ad-Hoc|x86.Build.0 = Release|Any CPU
		{0DEA56B5-33AC-4DF5-B2F1-C9910B61B3EE}.Ad-Hoc|x86.Deploy.0 = Release|Any CPU
		{0DEA56B5-33AC-4DF5-B2F1-C9910B61B3EE}.AppStore|Any CPU.ActiveCfg = Release|Any CPU
		{0DEA56B5-33AC-4DF5-B2F1-C9910B61B3EE}.AppStore|Any CPU.Build.0 = Release|Any CPU
		{0DEA56B5-33AC-4DF5-B2F1-C9910B61B3EE}.AppStore|Any CPU.Deploy.0 = Release|Any CPU
		{0DEA56B5-33AC-4DF5-B2F1-C9910B61B3EE}.AppStore|ARM.ActiveCfg = Release|Any CPU
		{0DEA56B5-33AC-4DF5-B2F1-C9910B61B3EE}.AppStore|ARM.Build.0 = Release|Any CPU
		{0DEA56B5-33AC-4DF5-B2F1-C9910B61B3EE}.AppStore|ARM.Deploy.0 = Release|Any CPU
		{0DEA56B5-33AC-4DF5-B2F1-C9910B61B3EE}.AppStore|iPhone.ActiveCfg = Release|Any CPU
		{0DEA56B5-33AC-4DF5-B2F1-C9910B61B3EE}.AppStore|iPhone.Build.0 = Release|Any CPU
		{0DEA56B5-33AC-4DF5-B2F1-C9910B61B3EE}.AppStore|iPhone.Deploy.0 = Release|Any CPU
		{0DEA56B5-33AC-4DF5-B2F1-C9910B61B3EE}.AppStore|iPhoneSimulator.ActiveCfg = Release|Any CPU
		{0DEA56B5-33AC-4DF5-B2F1-C9910B61B3EE}.AppStore|iPhoneSimulator.Build.0 = Release|Any CPU
		{0DEA56B5-33AC-4DF5-B2F1-C9910B61B3EE}.AppStore|iPhoneSimulator.Deploy.0 = Release|Any CPU
		{0DEA56B5-33AC-4DF5-B2F1-C9910B61B3EE}.AppStore|x64.ActiveCfg = Release|Any CPU
		{0DEA56B5-33AC-4DF5-B2F1-C9910B61B3EE}.AppStore|x64.Build.0 = Release|Any CPU
		{0DEA56B5-33AC-4DF5-B2F1-C9910B61B3EE}.AppStore|x64.Deploy.0 = Release|Any CPU
		{0DEA56B5-33AC-4DF5-B2F1-C9910B61B3EE}.AppStore|x86.ActiveCfg = Release|Any CPU
		{0DEA56B5-33AC-4DF5-B2F1-C9910B61B3EE}.AppStore|x86.Build.0 = Release|Any CPU
		{0DEA56B5-33AC-4DF5-B2F1-C9910B61B3EE}.AppStore|x86.Deploy.0 = Release|Any CPU
		{0DEA56B5-33AC-4DF5-B2F1-C9910B61B3EE}.Debug|Any CPU.ActiveCfg = Debug|Any CPU
		{0DEA56B5-33AC-4DF5-B2F1-C9910B61B3EE}.Debug|Any CPU.Build.0 = Debug|Any CPU
		{0DEA56B5-33AC-4DF5-B2F1-C9910B61B3EE}.Debug|Any CPU.Deploy.0 = Debug|Any CPU
		{0DEA56B5-33AC-4DF5-B2F1-C9910B61B3EE}.Debug|ARM.ActiveCfg = Debug|Any CPU
		{0DEA56B5-33AC-4DF5-B2F1-C9910B61B3EE}.Debug|ARM.Build.0 = Debug|Any CPU
		{0DEA56B5-33AC-4DF5-B2F1-C9910B61B3EE}.Debug|ARM.Deploy.0 = Debug|Any CPU
		{0DEA56B5-33AC-4DF5-B2F1-C9910B61B3EE}.Debug|iPhone.ActiveCfg = Debug|Any CPU
		{0DEA56B5-33AC-4DF5-B2F1-C9910B61B3EE}.Debug|iPhone.Build.0 = Debug|Any CPU
		{0DEA56B5-33AC-4DF5-B2F1-C9910B61B3EE}.Debug|iPhone.Deploy.0 = Debug|Any CPU
		{0DEA56B5-33AC-4DF5-B2F1-C9910B61B3EE}.Debug|iPhoneSimulator.ActiveCfg = Debug|Any CPU
		{0DEA56B5-33AC-4DF5-B2F1-C9910B61B3EE}.Debug|iPhoneSimulator.Build.0 = Debug|Any CPU
		{0DEA56B5-33AC-4DF5-B2F1-C9910B61B3EE}.Debug|iPhoneSimulator.Deploy.0 = Debug|Any CPU
		{0DEA56B5-33AC-4DF5-B2F1-C9910B61B3EE}.Debug|x64.ActiveCfg = Debug|Any CPU
		{0DEA56B5-33AC-4DF5-B2F1-C9910B61B3EE}.Debug|x64.Build.0 = Debug|Any CPU
		{0DEA56B5-33AC-4DF5-B2F1-C9910B61B3EE}.Debug|x64.Deploy.0 = Debug|Any CPU
		{0DEA56B5-33AC-4DF5-B2F1-C9910B61B3EE}.Debug|x86.ActiveCfg = Debug|Any CPU
		{0DEA56B5-33AC-4DF5-B2F1-C9910B61B3EE}.Debug|x86.Build.0 = Debug|Any CPU
		{0DEA56B5-33AC-4DF5-B2F1-C9910B61B3EE}.Debug|x86.Deploy.0 = Debug|Any CPU
		{0DEA56B5-33AC-4DF5-B2F1-C9910B61B3EE}.Release|Any CPU.ActiveCfg = Release|Any CPU
		{0DEA56B5-33AC-4DF5-B2F1-C9910B61B3EE}.Release|Any CPU.Build.0 = Release|Any CPU
		{0DEA56B5-33AC-4DF5-B2F1-C9910B61B3EE}.Release|Any CPU.Deploy.0 = Release|Any CPU
		{0DEA56B5-33AC-4DF5-B2F1-C9910B61B3EE}.Release|ARM.ActiveCfg = Release|Any CPU
		{0DEA56B5-33AC-4DF5-B2F1-C9910B61B3EE}.Release|ARM.Build.0 = Release|Any CPU
		{0DEA56B5-33AC-4DF5-B2F1-C9910B61B3EE}.Release|ARM.Deploy.0 = Release|Any CPU
		{0DEA56B5-33AC-4DF5-B2F1-C9910B61B3EE}.Release|iPhone.ActiveCfg = Release|Any CPU
		{0DEA56B5-33AC-4DF5-B2F1-C9910B61B3EE}.Release|iPhone.Build.0 = Release|Any CPU
		{0DEA56B5-33AC-4DF5-B2F1-C9910B61B3EE}.Release|iPhone.Deploy.0 = Release|Any CPU
		{0DEA56B5-33AC-4DF5-B2F1-C9910B61B3EE}.Release|iPhoneSimulator.ActiveCfg = Release|Any CPU
		{0DEA56B5-33AC-4DF5-B2F1-C9910B61B3EE}.Release|iPhoneSimulator.Build.0 = Release|Any CPU
		{0DEA56B5-33AC-4DF5-B2F1-C9910B61B3EE}.Release|iPhoneSimulator.Deploy.0 = Release|Any CPU
		{0DEA56B5-33AC-4DF5-B2F1-C9910B61B3EE}.Release|x64.ActiveCfg = Release|Any CPU
		{0DEA56B5-33AC-4DF5-B2F1-C9910B61B3EE}.Release|x64.Build.0 = Release|Any CPU
		{0DEA56B5-33AC-4DF5-B2F1-C9910B61B3EE}.Release|x64.Deploy.0 = Release|Any CPU
		{0DEA56B5-33AC-4DF5-B2F1-C9910B61B3EE}.Release|x86.ActiveCfg = Release|Any CPU
		{0DEA56B5-33AC-4DF5-B2F1-C9910B61B3EE}.Release|x86.Build.0 = Release|Any CPU
		{0DEA56B5-33AC-4DF5-B2F1-C9910B61B3EE}.Release|x86.Deploy.0 = Release|Any CPU
		{DB5603AE-4561-4362-B3B8-DB3AA9D55DF4}.Ad-Hoc|Any CPU.ActiveCfg = Release|Any CPU
		{DB5603AE-4561-4362-B3B8-DB3AA9D55DF4}.Ad-Hoc|Any CPU.Build.0 = Release|Any CPU
		{DB5603AE-4561-4362-B3B8-DB3AA9D55DF4}.Ad-Hoc|ARM.ActiveCfg = Release|Any CPU
		{DB5603AE-4561-4362-B3B8-DB3AA9D55DF4}.Ad-Hoc|ARM.Build.0 = Release|Any CPU
		{DB5603AE-4561-4362-B3B8-DB3AA9D55DF4}.Ad-Hoc|iPhone.ActiveCfg = Release|Any CPU
		{DB5603AE-4561-4362-B3B8-DB3AA9D55DF4}.Ad-Hoc|iPhone.Build.0 = Release|Any CPU
		{DB5603AE-4561-4362-B3B8-DB3AA9D55DF4}.Ad-Hoc|iPhoneSimulator.ActiveCfg = Release|Any CPU
		{DB5603AE-4561-4362-B3B8-DB3AA9D55DF4}.Ad-Hoc|iPhoneSimulator.Build.0 = Release|Any CPU
		{DB5603AE-4561-4362-B3B8-DB3AA9D55DF4}.Ad-Hoc|x64.ActiveCfg = Release|Any CPU
		{DB5603AE-4561-4362-B3B8-DB3AA9D55DF4}.Ad-Hoc|x64.Build.0 = Release|Any CPU
		{DB5603AE-4561-4362-B3B8-DB3AA9D55DF4}.Ad-Hoc|x86.ActiveCfg = Release|Any CPU
		{DB5603AE-4561-4362-B3B8-DB3AA9D55DF4}.Ad-Hoc|x86.Build.0 = Release|Any CPU
		{DB5603AE-4561-4362-B3B8-DB3AA9D55DF4}.AppStore|Any CPU.ActiveCfg = Release|Any CPU
		{DB5603AE-4561-4362-B3B8-DB3AA9D55DF4}.AppStore|Any CPU.Build.0 = Release|Any CPU
		{DB5603AE-4561-4362-B3B8-DB3AA9D55DF4}.AppStore|ARM.ActiveCfg = Release|Any CPU
		{DB5603AE-4561-4362-B3B8-DB3AA9D55DF4}.AppStore|ARM.Build.0 = Release|Any CPU
		{DB5603AE-4561-4362-B3B8-DB3AA9D55DF4}.AppStore|iPhone.ActiveCfg = Release|Any CPU
		{DB5603AE-4561-4362-B3B8-DB3AA9D55DF4}.AppStore|iPhone.Build.0 = Release|Any CPU
		{DB5603AE-4561-4362-B3B8-DB3AA9D55DF4}.AppStore|iPhoneSimulator.ActiveCfg = Release|Any CPU
		{DB5603AE-4561-4362-B3B8-DB3AA9D55DF4}.AppStore|iPhoneSimulator.Build.0 = Release|Any CPU
		{DB5603AE-4561-4362-B3B8-DB3AA9D55DF4}.AppStore|x64.ActiveCfg = Release|Any CPU
		{DB5603AE-4561-4362-B3B8-DB3AA9D55DF4}.AppStore|x64.Build.0 = Release|Any CPU
		{DB5603AE-4561-4362-B3B8-DB3AA9D55DF4}.AppStore|x86.ActiveCfg = Release|Any CPU
		{DB5603AE-4561-4362-B3B8-DB3AA9D55DF4}.AppStore|x86.Build.0 = Release|Any CPU
		{DB5603AE-4561-4362-B3B8-DB3AA9D55DF4}.Debug|Any CPU.ActiveCfg = Debug|Any CPU
		{DB5603AE-4561-4362-B3B8-DB3AA9D55DF4}.Debug|Any CPU.Build.0 = Debug|Any CPU
		{DB5603AE-4561-4362-B3B8-DB3AA9D55DF4}.Debug|ARM.ActiveCfg = Debug|Any CPU
		{DB5603AE-4561-4362-B3B8-DB3AA9D55DF4}.Debug|ARM.Build.0 = Debug|Any CPU
		{DB5603AE-4561-4362-B3B8-DB3AA9D55DF4}.Debug|iPhone.ActiveCfg = Debug|Any CPU
		{DB5603AE-4561-4362-B3B8-DB3AA9D55DF4}.Debug|iPhone.Build.0 = Debug|Any CPU
		{DB5603AE-4561-4362-B3B8-DB3AA9D55DF4}.Debug|iPhoneSimulator.ActiveCfg = Debug|Any CPU
		{DB5603AE-4561-4362-B3B8-DB3AA9D55DF4}.Debug|iPhoneSimulator.Build.0 = Debug|Any CPU
		{DB5603AE-4561-4362-B3B8-DB3AA9D55DF4}.Debug|x64.ActiveCfg = Debug|Any CPU
		{DB5603AE-4561-4362-B3B8-DB3AA9D55DF4}.Debug|x64.Build.0 = Debug|Any CPU
		{DB5603AE-4561-4362-B3B8-DB3AA9D55DF4}.Debug|x86.ActiveCfg = Debug|Any CPU
		{DB5603AE-4561-4362-B3B8-DB3AA9D55DF4}.Debug|x86.Build.0 = Debug|Any CPU
		{DB5603AE-4561-4362-B3B8-DB3AA9D55DF4}.Release|Any CPU.ActiveCfg = Release|Any CPU
		{DB5603AE-4561-4362-B3B8-DB3AA9D55DF4}.Release|Any CPU.Build.0 = Release|Any CPU
		{DB5603AE-4561-4362-B3B8-DB3AA9D55DF4}.Release|ARM.ActiveCfg = Release|Any CPU
		{DB5603AE-4561-4362-B3B8-DB3AA9D55DF4}.Release|ARM.Build.0 = Release|Any CPU
		{DB5603AE-4561-4362-B3B8-DB3AA9D55DF4}.Release|iPhone.ActiveCfg = Release|Any CPU
		{DB5603AE-4561-4362-B3B8-DB3AA9D55DF4}.Release|iPhone.Build.0 = Release|Any CPU
		{DB5603AE-4561-4362-B3B8-DB3AA9D55DF4}.Release|iPhoneSimulator.ActiveCfg = Release|Any CPU
		{DB5603AE-4561-4362-B3B8-DB3AA9D55DF4}.Release|iPhoneSimulator.Build.0 = Release|Any CPU
		{DB5603AE-4561-4362-B3B8-DB3AA9D55DF4}.Release|x64.ActiveCfg = Release|Any CPU
		{DB5603AE-4561-4362-B3B8-DB3AA9D55DF4}.Release|x64.Build.0 = Release|Any CPU
		{DB5603AE-4561-4362-B3B8-DB3AA9D55DF4}.Release|x86.ActiveCfg = Release|Any CPU
		{DB5603AE-4561-4362-B3B8-DB3AA9D55DF4}.Release|x86.Build.0 = Release|Any CPU
		{6ADF5D3F-FF9D-4784-B577-9D779865BAF9}.Ad-Hoc|Any CPU.ActiveCfg = Release|x86
		{6ADF5D3F-FF9D-4784-B577-9D779865BAF9}.Ad-Hoc|Any CPU.Build.0 = Release|x86
		{6ADF5D3F-FF9D-4784-B577-9D779865BAF9}.Ad-Hoc|Any CPU.Deploy.0 = Release|x86
		{6ADF5D3F-FF9D-4784-B577-9D779865BAF9}.Ad-Hoc|ARM.ActiveCfg = Release|ARM
		{6ADF5D3F-FF9D-4784-B577-9D779865BAF9}.Ad-Hoc|ARM.Build.0 = Release|ARM
		{6ADF5D3F-FF9D-4784-B577-9D779865BAF9}.Ad-Hoc|ARM.Deploy.0 = Release|ARM
		{6ADF5D3F-FF9D-4784-B577-9D779865BAF9}.Ad-Hoc|iPhone.ActiveCfg = Release|x86
		{6ADF5D3F-FF9D-4784-B577-9D779865BAF9}.Ad-Hoc|iPhone.Build.0 = Release|x86
		{6ADF5D3F-FF9D-4784-B577-9D779865BAF9}.Ad-Hoc|iPhone.Deploy.0 = Release|x86
		{6ADF5D3F-FF9D-4784-B577-9D779865BAF9}.Ad-Hoc|iPhoneSimulator.ActiveCfg = Release|x86
		{6ADF5D3F-FF9D-4784-B577-9D779865BAF9}.Ad-Hoc|iPhoneSimulator.Build.0 = Release|x86
		{6ADF5D3F-FF9D-4784-B577-9D779865BAF9}.Ad-Hoc|iPhoneSimulator.Deploy.0 = Release|x86
		{6ADF5D3F-FF9D-4784-B577-9D779865BAF9}.Ad-Hoc|x64.ActiveCfg = Release|x64
		{6ADF5D3F-FF9D-4784-B577-9D779865BAF9}.Ad-Hoc|x64.Build.0 = Release|x64
		{6ADF5D3F-FF9D-4784-B577-9D779865BAF9}.Ad-Hoc|x64.Deploy.0 = Release|x64
		{6ADF5D3F-FF9D-4784-B577-9D779865BAF9}.Ad-Hoc|x86.ActiveCfg = Release|x86
		{6ADF5D3F-FF9D-4784-B577-9D779865BAF9}.Ad-Hoc|x86.Build.0 = Release|x86
		{6ADF5D3F-FF9D-4784-B577-9D779865BAF9}.Ad-Hoc|x86.Deploy.0 = Release|x86
		{6ADF5D3F-FF9D-4784-B577-9D779865BAF9}.AppStore|Any CPU.ActiveCfg = Release|x86
		{6ADF5D3F-FF9D-4784-B577-9D779865BAF9}.AppStore|Any CPU.Build.0 = Release|x86
		{6ADF5D3F-FF9D-4784-B577-9D779865BAF9}.AppStore|Any CPU.Deploy.0 = Release|x86
		{6ADF5D3F-FF9D-4784-B577-9D779865BAF9}.AppStore|ARM.ActiveCfg = Release|ARM
		{6ADF5D3F-FF9D-4784-B577-9D779865BAF9}.AppStore|ARM.Build.0 = Release|ARM
		{6ADF5D3F-FF9D-4784-B577-9D779865BAF9}.AppStore|ARM.Deploy.0 = Release|ARM
		{6ADF5D3F-FF9D-4784-B577-9D779865BAF9}.AppStore|iPhone.ActiveCfg = Release|x86
		{6ADF5D3F-FF9D-4784-B577-9D779865BAF9}.AppStore|iPhone.Build.0 = Release|x86
		{6ADF5D3F-FF9D-4784-B577-9D779865BAF9}.AppStore|iPhone.Deploy.0 = Release|x86
		{6ADF5D3F-FF9D-4784-B577-9D779865BAF9}.AppStore|iPhoneSimulator.ActiveCfg = Release|x86
		{6ADF5D3F-FF9D-4784-B577-9D779865BAF9}.AppStore|iPhoneSimulator.Build.0 = Release|x86
		{6ADF5D3F-FF9D-4784-B577-9D779865BAF9}.AppStore|iPhoneSimulator.Deploy.0 = Release|x86
		{6ADF5D3F-FF9D-4784-B577-9D779865BAF9}.AppStore|x64.ActiveCfg = Release|x64
		{6ADF5D3F-FF9D-4784-B577-9D779865BAF9}.AppStore|x64.Build.0 = Release|x64
		{6ADF5D3F-FF9D-4784-B577-9D779865BAF9}.AppStore|x64.Deploy.0 = Release|x64
		{6ADF5D3F-FF9D-4784-B577-9D779865BAF9}.AppStore|x86.ActiveCfg = Release|x86
		{6ADF5D3F-FF9D-4784-B577-9D779865BAF9}.AppStore|x86.Build.0 = Release|x86
		{6ADF5D3F-FF9D-4784-B577-9D779865BAF9}.AppStore|x86.Deploy.0 = Release|x86
		{6ADF5D3F-FF9D-4784-B577-9D779865BAF9}.Debug|Any CPU.ActiveCfg = Debug|x86
		{6ADF5D3F-FF9D-4784-B577-9D779865BAF9}.Debug|Any CPU.Build.0 = Debug|x86
		{6ADF5D3F-FF9D-4784-B577-9D779865BAF9}.Debug|Any CPU.Deploy.0 = Debug|x86
		{6ADF5D3F-FF9D-4784-B577-9D779865BAF9}.Debug|ARM.ActiveCfg = Debug|ARM
		{6ADF5D3F-FF9D-4784-B577-9D779865BAF9}.Debug|ARM.Build.0 = Debug|ARM
		{6ADF5D3F-FF9D-4784-B577-9D779865BAF9}.Debug|ARM.Deploy.0 = Debug|ARM
		{6ADF5D3F-FF9D-4784-B577-9D779865BAF9}.Debug|iPhone.ActiveCfg = Debug|x86
		{6ADF5D3F-FF9D-4784-B577-9D779865BAF9}.Debug|iPhone.Build.0 = Debug|x86
		{6ADF5D3F-FF9D-4784-B577-9D779865BAF9}.Debug|iPhone.Deploy.0 = Debug|x86
		{6ADF5D3F-FF9D-4784-B577-9D779865BAF9}.Debug|iPhoneSimulator.ActiveCfg = Debug|x86
		{6ADF5D3F-FF9D-4784-B577-9D779865BAF9}.Debug|x64.ActiveCfg = Debug|x64
		{6ADF5D3F-FF9D-4784-B577-9D779865BAF9}.Debug|x64.Build.0 = Debug|x64
		{6ADF5D3F-FF9D-4784-B577-9D779865BAF9}.Debug|x64.Deploy.0 = Debug|x64
		{6ADF5D3F-FF9D-4784-B577-9D779865BAF9}.Debug|x86.ActiveCfg = Debug|x86
		{6ADF5D3F-FF9D-4784-B577-9D779865BAF9}.Debug|x86.Build.0 = Debug|x86
		{6ADF5D3F-FF9D-4784-B577-9D779865BAF9}.Debug|x86.Deploy.0 = Debug|x86
		{6ADF5D3F-FF9D-4784-B577-9D779865BAF9}.Release|Any CPU.ActiveCfg = Release|x86
		{6ADF5D3F-FF9D-4784-B577-9D779865BAF9}.Release|ARM.ActiveCfg = Release|ARM
		{6ADF5D3F-FF9D-4784-B577-9D779865BAF9}.Release|ARM.Build.0 = Release|ARM
		{6ADF5D3F-FF9D-4784-B577-9D779865BAF9}.Release|ARM.Deploy.0 = Release|ARM
		{6ADF5D3F-FF9D-4784-B577-9D779865BAF9}.Release|iPhone.ActiveCfg = Release|x86
		{6ADF5D3F-FF9D-4784-B577-9D779865BAF9}.Release|iPhoneSimulator.ActiveCfg = Release|x86
		{6ADF5D3F-FF9D-4784-B577-9D779865BAF9}.Release|x64.ActiveCfg = Release|x64
		{6ADF5D3F-FF9D-4784-B577-9D779865BAF9}.Release|x64.Build.0 = Release|x64
		{6ADF5D3F-FF9D-4784-B577-9D779865BAF9}.Release|x64.Deploy.0 = Release|x64
		{6ADF5D3F-FF9D-4784-B577-9D779865BAF9}.Release|x86.ActiveCfg = Release|x86
		{6ADF5D3F-FF9D-4784-B577-9D779865BAF9}.Release|x86.Build.0 = Release|x86
		{6ADF5D3F-FF9D-4784-B577-9D779865BAF9}.Release|x86.Deploy.0 = Release|x86
		{02CEA9CE-C20E-4CDD-8C88-112167C0693D}.Ad-Hoc|Any CPU.ActiveCfg = Ad-Hoc|iPhone
		{02CEA9CE-C20E-4CDD-8C88-112167C0693D}.Ad-Hoc|ARM.ActiveCfg = Ad-Hoc|iPhone
		{02CEA9CE-C20E-4CDD-8C88-112167C0693D}.Ad-Hoc|iPhone.ActiveCfg = Ad-Hoc|iPhone
		{02CEA9CE-C20E-4CDD-8C88-112167C0693D}.Ad-Hoc|iPhone.Build.0 = Ad-Hoc|iPhone
		{02CEA9CE-C20E-4CDD-8C88-112167C0693D}.Ad-Hoc|iPhoneSimulator.ActiveCfg = Ad-Hoc|iPhoneSimulator
		{02CEA9CE-C20E-4CDD-8C88-112167C0693D}.Ad-Hoc|iPhoneSimulator.Build.0 = Ad-Hoc|iPhoneSimulator
		{02CEA9CE-C20E-4CDD-8C88-112167C0693D}.Ad-Hoc|x64.ActiveCfg = Ad-Hoc|iPhone
		{02CEA9CE-C20E-4CDD-8C88-112167C0693D}.Ad-Hoc|x86.ActiveCfg = Ad-Hoc|iPhone
		{02CEA9CE-C20E-4CDD-8C88-112167C0693D}.AppStore|Any CPU.ActiveCfg = AppStore|iPhone
		{02CEA9CE-C20E-4CDD-8C88-112167C0693D}.AppStore|ARM.ActiveCfg = AppStore|iPhone
		{02CEA9CE-C20E-4CDD-8C88-112167C0693D}.AppStore|iPhone.ActiveCfg = AppStore|iPhone
		{02CEA9CE-C20E-4CDD-8C88-112167C0693D}.AppStore|iPhone.Build.0 = AppStore|iPhone
		{02CEA9CE-C20E-4CDD-8C88-112167C0693D}.AppStore|iPhoneSimulator.ActiveCfg = AppStore|iPhoneSimulator
		{02CEA9CE-C20E-4CDD-8C88-112167C0693D}.AppStore|iPhoneSimulator.Build.0 = AppStore|iPhoneSimulator
		{02CEA9CE-C20E-4CDD-8C88-112167C0693D}.AppStore|x64.ActiveCfg = AppStore|iPhone
		{02CEA9CE-C20E-4CDD-8C88-112167C0693D}.AppStore|x86.ActiveCfg = AppStore|iPhone
		{02CEA9CE-C20E-4CDD-8C88-112167C0693D}.Debug|Any CPU.ActiveCfg = Debug|iPhone
		{02CEA9CE-C20E-4CDD-8C88-112167C0693D}.Debug|ARM.ActiveCfg = Debug|iPhone
		{02CEA9CE-C20E-4CDD-8C88-112167C0693D}.Debug|iPhone.ActiveCfg = Debug|iPhone
		{02CEA9CE-C20E-4CDD-8C88-112167C0693D}.Debug|iPhone.Build.0 = Debug|iPhone
		{02CEA9CE-C20E-4CDD-8C88-112167C0693D}.Debug|iPhoneSimulator.ActiveCfg = Debug|iPhoneSimulator
		{02CEA9CE-C20E-4CDD-8C88-112167C0693D}.Debug|iPhoneSimulator.Build.0 = Debug|iPhoneSimulator
		{02CEA9CE-C20E-4CDD-8C88-112167C0693D}.Debug|x64.ActiveCfg = Debug|iPhone
		{02CEA9CE-C20E-4CDD-8C88-112167C0693D}.Debug|x86.ActiveCfg = Debug|iPhone
		{02CEA9CE-C20E-4CDD-8C88-112167C0693D}.Release|Any CPU.ActiveCfg = Release|iPhone
		{02CEA9CE-C20E-4CDD-8C88-112167C0693D}.Release|ARM.ActiveCfg = Release|iPhone
		{02CEA9CE-C20E-4CDD-8C88-112167C0693D}.Release|iPhone.ActiveCfg = Release|iPhone
		{02CEA9CE-C20E-4CDD-8C88-112167C0693D}.Release|iPhone.Build.0 = Release|iPhone
		{02CEA9CE-C20E-4CDD-8C88-112167C0693D}.Release|iPhoneSimulator.ActiveCfg = Release|iPhoneSimulator
		{02CEA9CE-C20E-4CDD-8C88-112167C0693D}.Release|iPhoneSimulator.Build.0 = Release|iPhoneSimulator
		{02CEA9CE-C20E-4CDD-8C88-112167C0693D}.Release|x64.ActiveCfg = Release|iPhone
		{02CEA9CE-C20E-4CDD-8C88-112167C0693D}.Release|x86.ActiveCfg = Release|iPhone
		{A35DFB0B-A81C-4F3B-9523-C4D79A527312}.Ad-Hoc|Any CPU.ActiveCfg = Release|Any CPU
		{A35DFB0B-A81C-4F3B-9523-C4D79A527312}.Ad-Hoc|Any CPU.Build.0 = Release|Any CPU
		{A35DFB0B-A81C-4F3B-9523-C4D79A527312}.Ad-Hoc|ARM.ActiveCfg = Release|Any CPU
		{A35DFB0B-A81C-4F3B-9523-C4D79A527312}.Ad-Hoc|ARM.Build.0 = Release|Any CPU
		{A35DFB0B-A81C-4F3B-9523-C4D79A527312}.Ad-Hoc|iPhone.ActiveCfg = Release|Any CPU
		{A35DFB0B-A81C-4F3B-9523-C4D79A527312}.Ad-Hoc|iPhone.Build.0 = Release|Any CPU
		{A35DFB0B-A81C-4F3B-9523-C4D79A527312}.Ad-Hoc|iPhoneSimulator.ActiveCfg = Release|Any CPU
		{A35DFB0B-A81C-4F3B-9523-C4D79A527312}.Ad-Hoc|iPhoneSimulator.Build.0 = Release|Any CPU
		{A35DFB0B-A81C-4F3B-9523-C4D79A527312}.Ad-Hoc|x64.ActiveCfg = Release|Any CPU
		{A35DFB0B-A81C-4F3B-9523-C4D79A527312}.Ad-Hoc|x64.Build.0 = Release|Any CPU
		{A35DFB0B-A81C-4F3B-9523-C4D79A527312}.Ad-Hoc|x86.ActiveCfg = Release|Any CPU
		{A35DFB0B-A81C-4F3B-9523-C4D79A527312}.Ad-Hoc|x86.Build.0 = Release|Any CPU
		{A35DFB0B-A81C-4F3B-9523-C4D79A527312}.AppStore|Any CPU.ActiveCfg = Release|Any CPU
		{A35DFB0B-A81C-4F3B-9523-C4D79A527312}.AppStore|Any CPU.Build.0 = Release|Any CPU
		{A35DFB0B-A81C-4F3B-9523-C4D79A527312}.AppStore|ARM.ActiveCfg = Release|Any CPU
		{A35DFB0B-A81C-4F3B-9523-C4D79A527312}.AppStore|ARM.Build.0 = Release|Any CPU
		{A35DFB0B-A81C-4F3B-9523-C4D79A527312}.AppStore|iPhone.ActiveCfg = Release|Any CPU
		{A35DFB0B-A81C-4F3B-9523-C4D79A527312}.AppStore|iPhone.Build.0 = Release|Any CPU
		{A35DFB0B-A81C-4F3B-9523-C4D79A527312}.AppStore|iPhoneSimulator.ActiveCfg = Release|Any CPU
		{A35DFB0B-A81C-4F3B-9523-C4D79A527312}.AppStore|iPhoneSimulator.Build.0 = Release|Any CPU
		{A35DFB0B-A81C-4F3B-9523-C4D79A527312}.AppStore|x64.ActiveCfg = Release|Any CPU
		{A35DFB0B-A81C-4F3B-9523-C4D79A527312}.AppStore|x64.Build.0 = Release|Any CPU
		{A35DFB0B-A81C-4F3B-9523-C4D79A527312}.AppStore|x86.ActiveCfg = Release|Any CPU
		{A35DFB0B-A81C-4F3B-9523-C4D79A527312}.AppStore|x86.Build.0 = Release|Any CPU
		{A35DFB0B-A81C-4F3B-9523-C4D79A527312}.Debug|Any CPU.ActiveCfg = Debug|Any CPU
		{A35DFB0B-A81C-4F3B-9523-C4D79A527312}.Debug|Any CPU.Build.0 = Debug|Any CPU
		{A35DFB0B-A81C-4F3B-9523-C4D79A527312}.Debug|ARM.ActiveCfg = Debug|Any CPU
		{A35DFB0B-A81C-4F3B-9523-C4D79A527312}.Debug|ARM.Build.0 = Debug|Any CPU
		{A35DFB0B-A81C-4F3B-9523-C4D79A527312}.Debug|iPhone.ActiveCfg = Debug|Any CPU
		{A35DFB0B-A81C-4F3B-9523-C4D79A527312}.Debug|iPhone.Build.0 = Debug|Any CPU
		{A35DFB0B-A81C-4F3B-9523-C4D79A527312}.Debug|iPhoneSimulator.ActiveCfg = Debug|Any CPU
		{A35DFB0B-A81C-4F3B-9523-C4D79A527312}.Debug|iPhoneSimulator.Build.0 = Debug|Any CPU
		{A35DFB0B-A81C-4F3B-9523-C4D79A527312}.Debug|x64.ActiveCfg = Debug|Any CPU
		{A35DFB0B-A81C-4F3B-9523-C4D79A527312}.Debug|x64.Build.0 = Debug|Any CPU
		{A35DFB0B-A81C-4F3B-9523-C4D79A527312}.Debug|x86.ActiveCfg = Debug|Any CPU
		{A35DFB0B-A81C-4F3B-9523-C4D79A527312}.Debug|x86.Build.0 = Debug|Any CPU
		{A35DFB0B-A81C-4F3B-9523-C4D79A527312}.Release|Any CPU.ActiveCfg = Release|Any CPU
		{A35DFB0B-A81C-4F3B-9523-C4D79A527312}.Release|Any CPU.Build.0 = Release|Any CPU
		{A35DFB0B-A81C-4F3B-9523-C4D79A527312}.Release|ARM.ActiveCfg = Release|Any CPU
		{A35DFB0B-A81C-4F3B-9523-C4D79A527312}.Release|ARM.Build.0 = Release|Any CPU
		{A35DFB0B-A81C-4F3B-9523-C4D79A527312}.Release|iPhone.ActiveCfg = Release|Any CPU
		{A35DFB0B-A81C-4F3B-9523-C4D79A527312}.Release|iPhone.Build.0 = Release|Any CPU
		{A35DFB0B-A81C-4F3B-9523-C4D79A527312}.Release|iPhoneSimulator.ActiveCfg = Release|Any CPU
		{A35DFB0B-A81C-4F3B-9523-C4D79A527312}.Release|iPhoneSimulator.Build.0 = Release|Any CPU
		{A35DFB0B-A81C-4F3B-9523-C4D79A527312}.Release|x64.ActiveCfg = Release|Any CPU
		{A35DFB0B-A81C-4F3B-9523-C4D79A527312}.Release|x64.Build.0 = Release|Any CPU
		{A35DFB0B-A81C-4F3B-9523-C4D79A527312}.Release|x86.ActiveCfg = Release|Any CPU
		{A35DFB0B-A81C-4F3B-9523-C4D79A527312}.Release|x86.Build.0 = Release|Any CPU
	EndGlobalSection
	GlobalSection(SolutionProperties) = preSolution
		HideSolutionNode = FALSE
	EndGlobalSection
EndGlobal
